
Microsoft Visual Studio Solution File, Format Version 12.00
# Visual Studio Version 17
VisualStudioVersion = 17.4.33205.214
MinimumVisualStudioVersion = 10.0.40219.1
Project("{FAE04EC0-301F-11D3-BF4B-00C04F79EFBC}") = "HFS-BE", "HFS-BE\HFS-BE.csproj", "{995744DD-802F-4765-A1DB-6CCA54CCA93B}"
EndProject
Global
	GlobalSection(SolutionConfigurationPlatforms) = preSolution
		Debug|Any CPU = Debug|Any CPU
		Release|Any CPU = Release|Any CPU
	EndGlobalSection
	GlobalSection(ProjectConfigurationPlatforms) = postSolution
		{995744DD-802F-4765-A1DB-6CCA54CCA93B}.Debug|Any CPU.ActiveCfg = Debug|Any CPU
		{995744DD-802F-4765-A1DB-6CCA54CCA93B}.Debug|Any CPU.Build.0 = Debug|Any CPU
		{995744DD-802F-4765-A1DB-6CCA54CCA93B}.Release|Any CPU.ActiveCfg = Release|Any CPU
		{995744DD-802F-4765-A1DB-6CCA54CCA93B}.Release|Any CPU.Build.0 = Release|Any CPU
	EndGlobalSection
	GlobalSection(SolutionProperties) = preSolution
		HideSolutionNode = FALSE
	EndGlobalSection
	GlobalSection(ExtensibilityGlobals) = postSolution
		SolutionGuid = {7AB90F3D-01D9-4270-8981-D58A46D55CB0}
	EndGlobalSection
EndGlobal
